# THIS IS AN AUTOGENERATED FILE. DO NOT EDIT THIS FILE DIRECTLY.
# yarn lockfile v1


"@tarojs/runtime@3.3.9":
  version "3.3.9"
  resolved "https://registry.yarnpkg.com/@tarojs/runtime/-/runtime-3.3.9.tgz#d1bd114cd2056ceb51e0a54b2a71d7e1b4ca4402"
  integrity sha512-nYUWdiq381XQfO9yPAUpVdbghkStbZSq5XCuT45HYHnKXbkN7hsQnOo2xbwnN6jqm1GIjj3d+VFQJ37PZpFxOw==
  dependencies:
    "@tarojs/shared" "3.3.9"
    inversify "5.1.1"
    lodash-es "4.17.15"
    reflect-metadata "^0.1.13"

"@tarojs/shared@3.3.9":
  version "3.3.9"
  resolved "https://registry.yarnpkg.com/@tarojs/shared/-/shared-3.3.9.tgz#5c66c3f20bce209ae98d5aabcf494a9a2d81f649"
  integrity sha512-76iAHBOhSAtPRLZXW4ic2NofljGARZoDm2CEc9M9ifprlb5tvKMh9jjYAf0svrZHz9mN9FTlIaYB3r54WA7UQQ==

inversify@5.1.1:
  version "5.1.1"
  resolved "https://registry.yarnpkg.com/inversify/-/inversify-5.1.1.tgz#6fbd668c591337404e005a1946bfe0d802c08730"
  integrity sha512-j8grHGDzv1v+8T1sAQ+3boTCntFPfvxLCkNcxB1J8qA0lUN+fAlSyYd+RXKvaPRL4AGyPxViutBEJHNXOyUdFQ==

"js-tokens@^3.0.0 || ^4.0.0":
  version "4.0.0"
  resolved "https://registry.yarnpkg.com/js-tokens/-/js-tokens-4.0.0.tgz#19203fb59991df98e3a287050d4647cdeaf32499"
  integrity sha512-RdJUflcE3cUzKiMqQgsCu06FPu9UdIJO0beYbPhHN4k6apgJtifcoCtT9bcxOpYBtpD2kCM6Sbzg4CausW/PKQ==

lodash-es@4.17.15:
  version "4.17.15"
  resolved "https://registry.yarnpkg.com/lodash-es/-/lodash-es-4.17.15.tgz#21bd96839354412f23d7a10340e5eac6ee455d78"
  integrity sha512-rlrc3yU3+JNOpZ9zj5pQtxnx2THmvRykwL4Xlxoa8I9lHBlVbbyPhgyPMioxVZ4NqyxaVVtaJnzsyOidQIhyyQ==

loose-envify@^1.1.0:
  version "1.4.0"
  resolved "https://registry.yarnpkg.com/loose-envify/-/loose-envify-1.4.0.tgz#71ee51fa7be4caec1a63839f7e682d8132d30caf"
  integrity sha512-lyuxPGr/Wfhrlem2CL/UcnUc1zcqKAImBDzukY7Y5F/yQiNdko6+fRLevlw1HgMySw7f611UIY408EtxRSoK3Q==
  dependencies:
    js-tokens "^3.0.0 || ^4.0.0"

object-assign@^4.1.1:
  version "4.1.1"
  resolved "https://registry.yarnpkg.com/object-assign/-/object-assign-4.1.1.tgz#2109adc7965887cfc05cbbd442cac8bfbb360863"
  integrity sha1-IQmtx5ZYh8/AXLvUQsrIv7s2CGM=

react-reconciler@0.26.2:
  version "0.26.2"
  resolved "https://registry.yarnpkg.com/react-reconciler/-/react-reconciler-0.26.2.tgz#bbad0e2d1309423f76cf3c3309ac6c96e05e9d91"
  integrity sha512-nK6kgY28HwrMNwDnMui3dvm3rCFjZrcGiuwLc5COUipBK5hWHLOxMJhSnSomirqWwjPBJKV1QcbkI0VJr7Gl1Q==
  dependencies:
    loose-envify "^1.1.0"
    object-assign "^4.1.1"
    scheduler "^0.20.2"

reflect-metadata@^0.1.13:
  version "0.1.13"
  resolved "https://registry.yarnpkg.com/reflect-metadata/-/reflect-metadata-0.1.13.tgz#67ae3ca57c972a2aa1642b10fe363fe32d49dc08"
  integrity sha512-Ts1Y/anZELhSsjMcU605fU9RE4Oi3p5ORujwbIKXfWa+0Zxs510Qrmrce5/Jowq3cHSZSJqBjypxmHarc+vEWg==

scheduler@^0.20.1, scheduler@^0.20.2:
  version "0.20.2"
  resolved "https://registry.yarnpkg.com/scheduler/-/scheduler-0.20.2.tgz#4baee39436e34aa93b4874bddcbf0fe8b8b50e91"
  integrity sha512-2eWfGgAqqWFGqtdMmcL5zCMK1U8KlXv8SQFGglL3CEtd0aDVDWgeF/YoCmvln55m5zSk3J/20hTaSBeSObsQDQ==
  dependencies:
    loose-envify "^1.1.0"
    object-assign "^4.1.1"
